// !$*UTF8*$!
{
	archiveVersion = 1;
	classes = {
	};
	objectVersion = 50;
	objects = {

/* Begin PBXBuildFile section */
		009F028B2504D247009E720A /* AppDelegate.swift in Sources */ = {isa = PBXBuildFile; fileRef = 009F028A2504D247009E720A /* AppDelegate.swift */; };
		009F028D2504D247009E720A /* SceneDelegate.swift in Sources */ = {isa = PBXBuildFile; fileRef = 009F028C2504D247009E720A /* SceneDelegate.swift */; };
		009F028F2504D247009E720A /* ViewController.swift in Sources */ = {isa = PBXBuildFile; fileRef = 009F028E2504D247009E720A /* ViewController.swift */; };
		009F02922504D247009E720A /* Main.storyboard in Resources */ = {isa = PBXBuildFile; fileRef = 009F02902504D247009E720A /* Main.storyboard */; };
		009F02942504D24F009E720A /* Assets.xcassets in Resources */ = {isa = PBXBuildFile; fileRef = 009F02932504D24F009E720A /* Assets.xcassets */; };
		009F02972504D24F009E720A /* LaunchScreen.storyboard in Resources */ = {isa = PBXBuildFile; fileRef = 009F02952504D24F009E720A /* LaunchScreen.storyboard */; };
		009F02A22504D24F009E720A /* TipCalcTests.swift in Sources */ = {isa = PBXBuildFile; fileRef = 009F02A12504D24F009E720A /* TipCalcTests.swift */; };
		009F02AD2504D24F009E720A /* TipCalcUITests.swift in Sources */ = {isa = PBXBuildFile; fileRef = 009F02AC2504D24F009E720A /* TipCalcUITests.swift */; };
/* End PBXBuildFile section */

/* Begin PBXContainerItemProxy section */
		009F029E2504D24F009E720A /* PBXContainerItemProxy */ = {
			isa = PBXContainerItemProxy;
			containerPortal = 009F027F2504D247009E720A /* Project object */;
			proxyType = 1;
			remoteGlobalIDString = 009F02862504D247009E720A;
			remoteInfo = TipCalc;
		};
		009F02A92504D24F009E720A /* PBXContainerItemProxy */ = {
			isa = PBXContainerItemProxy;
			containerPortal = 009F027F2504D247009E720A /* Project object */;
			proxyType = 1;
			remoteGlobalIDString = 009F02862504D247009E720A;
			remoteInfo = TipCalc;
		};
/* End PBXContainerItemProxy section */

/* Begin PBXFileReference section */
		009F02872504D247009E720A /* TipCalc.app */ = {isa = PBXFileReference; explicitFileType = wrapper.application; includeInIndex = 0; path = TipCalc.app; sourceTree = BUILT_PRODUCTS_DIR; };
		009F028A2504D247009E720A /* AppDelegate.swift */ = {isa = PBXFileReference; lastKnownFileType = sourcecode.swift; path = AppDelegate.swift; sourceTree = "<group>"; };
		009F028C2504D247009E720A /* SceneDelegate.swift */ = {isa = PBXFileReference; lastKnownFileType = sourcecode.swift; path = SceneDelegate.swift; sourceTree = "<group>"; };
		009F028E2504D247009E720A /* ViewController.swift */ = {isa = PBXFileReference; lastKnownFileType = sourcecode.swift; path = ViewController.swift; sourceTree = "<group>"; };
		009F02912504D247009E720A /* Base */ = {isa = PBXFileReference; lastKnownFileType = file.storyboard; name = Base; path = Base.lproj/Main.storyboard; sourceTree = "<group>"; };
		009F02932504D24F009E720A /* Assets.xcassets */ = {isa = PBXFileReference; lastKnownFileType = folder.assetcatalog; path = Assets.xcassets; sourceTree = "<group>"; };
		009F02962504D24F009E720A /* Base */ = {isa = PBXFileReference; lastKnownFileType = file.storyboard; name = Base; path = Base.lproj/LaunchScreen.storyboard; sourceTree = "<group>"; };
		009F02982504D24F009E720A /* Info.plist */ = {isa = PBXFileReference; lastKnownFileType = text.plist.xml; path = Info.plist; sourceTree = "<group>"; };
		009F029D2504D24F009E720A /* TipCalcTests.xctest */ = {isa = PBXFileReference; explicitFileType = wrapper.cfbundle; includeInIndex = 0; path = TipCalcTests.xctest; sourceTree = BUILT_PRODUCTS_DIR; };
		009F02A12504D24F009E720A /* TipCalcTests.swift */ = {isa = PBXFileReference; lastKnownFileType = sourcecode.swift; path = TipCalcTests.swift; sourceTree = "<group>"; };
		009F02A32504D24F009E720A /* Info.plist */ = {isa = PBXFileReference; lastKnownFileType = text.plist.xml; path = Info.plist; sourceTree = "<group>"; };
		009F02A82504D24F009E720A /* TipCalcUITests.xctest */ = {isa = PBXFileReference; explicitFileType = wrapper.cfbundle; includeInIndex = 0; path = TipCalcUITests.xctest; sourceTree = BUILT_PRODUCTS_DIR; };
		009F02AC2504D24F009E720A /* TipCalcUITests.swift */ = {isa = PBXFileReference; lastKnownFileType = sourcecode.swift; path = TipCalcUITests.swift; sourceTree = "<group>"; };
		009F02AE2504D24F009E720A /* Info.plist */ = {isa = PBXFileReference; lastKnownFileType = text.plist.xml; path = Info.plist; sourceTree = "<group>"; };
/* End PBXFileReference section */

/* Begin PBXFrameworksBuildPhase section */
		009F02842504D247009E720A /* Frameworks */ = {
			isa = PBXFrameworksBuildPhase;
			buildActionMask = 2147483647;
			files = (
			);
			runOnlyForDeploymentPostprocessing = 0;
		};
		009F029A2504D24F009E720A /* Frameworks */ = {
			isa = PBXFrameworksBuildPhase;
			buildActionMask = 2147483647;
			files = (
			);
			runOnlyForDeploymentPostprocessing = 0;
		};
		009F02A52504D24F009E720A /* Frameworks */ = {
			isa = PBXFrameworksBuildPhase;
			buildActionMask = 2147483647;
			files = (
			);
			runOnlyForDeploymentPostprocessing = 0;
		};
/* End PBXFrameworksBuildPhase section */

/* Begin PBXGroup section */
		009F027E2504D247009E720A = {
			isa = PBXGroup;
			children = (
				009F02892504D247009E720A /* TipCalc */,
				009F02A02504D24F009E720A /* TipCalcTests */,
				009F02AB2504D24F009E720A /* TipCalcUITests */,
				009F02882504D247009E720A /* Products */,
			);
			sourceTree = "<group>";
		};
		009F02882504D247009E720A /* Products */ = {
			isa = PBXGroup;
			children = (
				009F02872504D247009E720A /* TipCalc.app */,
				009F029D2504D24F009E720A /* TipCalcTests.xctest */,
				009F02A82504D24F009E720A /* TipCalcUITests.xctest */,
			);
			name = Products;
			sourceTree = "<group>";
		};
		009F02892504D247009E720A /* TipCalc */ = {
			isa = PBXGroup;
			children = (
				009F028A2504D247009E720A /* AppDelegate.swift */,
				009F028C2504D247009E720A /* SceneDelegate.swift */,
				009F028E2504D247009E720A /* ViewController.swift */,
				009F02902504D247009E720A /* Main.storyboard */,
				009F02932504D24F009E720A /* Assets.xcassets */,
				009F02952504D24F009E720A /* LaunchScreen.storyboard */,
				009F02982504D24F009E720A /* Info.plist */,
			);
			path = TipCalc;
			sourceTree = "<group>";
		};
		009F02A02504D24F009E720A /* TipCalcTests */ = {
			isa = PBXGroup;
			children = (
				009F02A12504D24F009E720A /* TipCalcTests.swift */,
				009F02A32504D24F009E720A /* Info.plist */,
			);
			path = TipCalcTests;
			sourceTree = "<group>";
		};
		009F02AB2504D24F009E720A /* TipCalcUITests */ = {
			isa = PBXGroup;
			children = (
				009F02AC2504D24F009E720A /* TipCalcUITests.swift */,
				009F02AE2504D24F009E720A /* Info.plist */,
			);
			path = TipCalcUITests;
			sourceTree = "<group>";
		};
/* End PBXGroup section */

/* Begin PBXNativeTarget section */
		009F02862504D247009E720A /* TipCalc */ = {
			isa = PBXNativeTarget;
			buildConfigurationList = 009F02B12504D24F009E720A /* Build configuration list for PBXNativeTarget "TipCalc" */;
			buildPhases = (
				009F02832504D247009E720A /* Sources */,
				009F02842504D247009E720A /* Frameworks */,
				009F02852504D247009E720A /* Resources */,
			);
			buildRules = (
			);
			dependencies = (
			);
			name = TipCalc;
			productName = TipCalc;
			productReference = 009F02872504D247009E720A /* TipCalc.app */;
			productType = "com.apple.product-type.application";
		};
		009F029C2504D24F009E720A /* TipCalcTests */ = {
			isa = PBXNativeTarget;
			buildConfigurationList = 009F02B42504D24F009E720A /* Build configuration list for PBXNativeTarget "TipCalcTests" */;
			buildPhases = (
				009F02992504D24F009E720A /* Sources */,
				009F029A2504D24F009E720A /* Frameworks */,
				009F029B2504D24F009E720A /* Resources */,
			);
			buildRules = (
			);
			dependencies = (
				009F029F2504D24F009E720A /* PBXTargetDependency */,
			);
			name = TipCalcTests;
			productName = TipCalcTests;
			productReference = 009F029D2504D24F009E720A /* TipCalcTests.xctest */;
			productType = "com.apple.product-type.bundle.unit-test";
		};
		009F02A72504D24F009E720A /* TipCalcUITests */ = {
			isa = PBXNativeTarget;
			buildConfigurationList = 009F02B72504D24F009E720A /* Build configuration list for PBXNativeTarget "TipCalcUITests" */;
			buildPhases = (
				009F02A42504D24F009E720A /* Sources */,
				009F02A52504D24F009E720A /* Frameworks */,
				009F02A62504D24F009E720A /* Resources */,
			);
			buildRules = (
			);
			dependencies = (
				009F02AA2504D24F009E720A /* PBXTargetDependency */,
			);
			name = TipCalcUITests;
			productName = TipCalcUITests;
			productReference = 009F02A82504D24F009E720A /* TipCalcUITests.xctest */;
			productType = "com.apple.product-type.bundle.ui-testing";
		};
/* End PBXNativeTarget section */

/* Begin PBXProject section */
		009F027F2504D247009E720A /* Project object */ = {
			isa = PBXProject;
			attributes = {
				LastSwiftUpdateCheck = 1170;
				LastUpgradeCheck = 1170;
				ORGANIZATIONNAME = "Nandini Tengli";
				TargetAttributes = {
					009F02862504D247009E720A = {
						CreatedOnToolsVersion = 11.7;
					};
					009F029C2504D24F009E720A = {
						CreatedOnToolsVersion = 11.7;
						TestTargetID = 009F02862504D247009E720A;
					};
					009F02A72504D24F009E720A = {
						CreatedOnToolsVersion = 11.7;
						TestTargetID = 009F02862504D247009E720A;
					};
				};
			};
			buildConfigurationList = 009F02822504D247009E720A /* Build configuration list for PBXProject "TipCalc" */;
			compatibilityVersion = "Xcode 9.3";
			developmentRegion = en;
			hasScannedForEncodings = 0;
			knownRegions = (
				en,
				Base,
			);
			mainGroup = 009F027E2504D247009E720A;
			productRefGroup = 009F02882504D247009E720A /* Products */;
			projectDirPath = "";
			projectRoot = "";
			targets = (
				009F02862504D247009E720A /* TipCalc */,
				009F029C2504D24F009E720A /* TipCalcTests */,
				009F02A72504D24F009E720A /* TipCalcUITests */,
			);
		};
/* End PBXProject section */

/* Begin PBXResourcesBuildPhase section */
		009F02852504D247009E720A /* Resources */ = {
			isa = PBXResourcesBuildPhase;
			buildActionMask = 2147483647;
			files = (
				009F02972504D24F009E720A /* LaunchScreen.storyboard in Resources */,
				009F02942504D24F009E720A /* Assets.xcassets in Resources */,
				009F02922504D247009E720A /* Main.storyboard in Resources */,
			);
			runOnlyForDeploymentPostprocessing = 0;
		};
		009F029B2504D24F009E720A /* Resources */ = {
			isa = PBXResourcesBuildPhase;
			buildActionMask = 2147483647;
			files = (
			);
			runOnlyForDeploymentPostprocessing = 0;
		};
		009F02A62504D24F009E720A /* Resources */ = {
			isa = PBXResourcesBuildPhase;
			buildActionMask = 2147483647;
			files = (
			);
			runOnlyForDeploymentPostprocessing = 0;
		};
/* End PBXResourcesBuildPhase section */

/* Begin PBXSourcesBuildPhase section */
		009F02832504D247009E720A /* Sources */ = {
			isa = PBXSourcesBuildPhase;
			buildActionMask = 2147483647;
			files = (
				009F028F2504D247009E720A /* ViewController.swift in Sources */,
				009F028B2504D247009E720A /* AppDelegate.swift in Sources */,
				009F028D2504D247009E720A /* SceneDelegate.swift in Sources */,
			);
			runOnlyForDeploymentPostprocessing = 0;
		};
		009F02992504D24F009E720A /* Sources */ = {
			isa = PBXSourcesBuildPhase;
			buildActionMask = 2147483647;
			files = (
				009F02A22504D24F009E720A /* TipCalcTests.swift in Sources */,
			);
			runOnlyForDeploymentPostprocessing = 0;
		};
		009F02A42504D24F009E720A /* Sources */ = {
			isa = PBXSourcesBuildPhase;
			buildActionMask = 2147483647;
			files = (
				009F02AD2504D24F009E720A /* TipCalcUITests.swift in Sources */,
			);
			runOnlyForDeploymentPostprocessing = 0;
		};
/* End PBXSourcesBuildPhase section */

/* Begin PBXTargetDependency section */
		009F029F2504D24F009E720A /* PBXTargetDependency */ = {
			isa = PBXTargetDependency;
			target = 009F02862504D247009E720A /* TipCalc */;
			targetProxy = 009F029E2504D24F009E720A /* PBXContainerItemProxy */;
		};
		009F02AA2504D24F009E720A /* PBXTargetDependency */ = {
			isa = PBXTargetDependency;
			target = 009F02862504D247009E720A /* TipCalc */;
			targetProxy = 009F02A92504D24F009E720A /* PBXContainerItemProxy */;
		};
/* End PBXTargetDependency section */

/* Begin PBXVariantGroup section */
		009F02902504D247009E720A /* Main.storyboard */ = {
			isa = PBXVariantGroup;
			children = (
				009F02912504D247009E720A /* Base */,
			);
			name = Main.storyboard;
			sourceTree = "<group>";
		};
		009F02952504D24F009E720A /* LaunchScreen.storyboard */ = {
			isa = PBXVariantGroup;
			children = (
				009F02962504D24F009E720A /* Base */,
			);
			name = LaunchScreen.storyboard;
			sourceTree = "<group>";
		};
/* End PBXVariantGroup section */

/* Begin XCBuildConfiguration section */
		009F02AF2504D24F009E720A /* Debug */ = {
			isa = XCBuildConfiguration;
			buildSettings = {
				ALWAYS_SEARCH_USER_PATHS = NO;
				CLANG_ANALYZER_NONNULL = YES;
				CLANG_ANALYZER_NUMBER_OBJECT_CONVERSION = YES_AGGRESSIVE;
				CLANG_CXX_LANGUAGE_STANDARD = "gnu++14";
				CLANG_CXX_LIBRARY = "libc++";
				CLANG_ENABLE_MODULES = YES;
				CLANG_ENABLE_OBJC_ARC = YES;
				CLANG_ENABLE_OBJC_WEAK = YES;
				CLANG_WARN_BLOCK_CAPTURE_AUTORELEASING = YES;
				CLANG_WARN_BOOL_CONVERSION = YES;
				CLANG_WARN_COMMA = YES;
				CLANG_WARN_CONSTANT_CONVERSION = YES;
				CLANG_WARN_DEPRECATED_OBJC_IMPLEMENTATIONS = YES;
				CLANG_WARN_DIRECT_OBJC_ISA_USAGE = YES_ERROR;
				CLANG_WARN_DOCUMENTATION_COMMENTS = YES;
				CLANG_WARN_EMPTY_BODY = YES;
				CLANG_WARN_ENUM_CONVERSION = YES;
				CLANG_WARN_INFINITE_RECURSION = YES;
				CLANG_WARN_INT_CONVERSION = YES;
				CLANG_WARN_NON_LITERAL_NULL_CONVERSION = YES;
				CLANG_WARN_OBJC_IMPLICIT_RETAIN_SELF = YES;
				CLANG_WARN_OBJC_LITERAL_CONVERSION = YES;
				CLANG_WARN_OBJC_ROOT_CLASS = YES_ERROR;
				CLANG_WARN_RANGE_LOOP_ANALYSIS = YES;
				CLANG_WARN_STRICT_PROTOTYPES = YES;
				CLANG_WARN_SUSPICIOUS_MOVE = YES;
				CLANG_WARN_UNGUARDED_AVAILABILITY = YES_AGGRESSIVE;
				CLANG_WARN_UNREACHABLE_CODE = YES;
				CLANG_WARN__DUPLICATE_METHOD_MATCH = YES;
				COPY_PHASE_STRIP = NO;
				DEBUG_INFORMATION_FORMAT = dwarf;
				ENABLE_STRICT_OBJC_MSGSEND = YES;
				ENABLE_TESTABILITY = YES;
				GCC_C_LANGUAGE_STANDARD = gnu11;
				GCC_DYNAMIC_NO_PIC = NO;
				GCC_NO_COMMON_BLOCKS = YES;
				GCC_OPTIMIZATION_LEVEL = 0;
				GCC_PREPROCESSOR_DEFINITIONS = (
					"DEBUG=1",
					"$(inherited)",
				);
				GCC_WARN_64_TO_32_BIT_CONVERSION = YES;
				GCC_WARN_ABOUT_RETURN_TYPE = YES_ERROR;
				GCC_WARN_UNDECLARED_SELECTOR = YES;
				GCC_WARN_UNINITIALIZED_AUTOS = YES_AGGRESSIVE;
				GCC_WARN_UNUSED_FUNCTION = YES;
				GCC_WARN_UNUSED_VARIABLE = YES;
				IPHONEOS_DEPLOYMENT_TARGET = 13.7;
				MTL_ENABLE_DEBUG_INFO = INCLUDE_SOURCE;
				MTL_FAST_MATH = YES;
				ONLY_ACTIVE_ARCH = YES;
				SDKROOT = iphoneos;
				SWIFT_ACTIVE_COMPILATION_CONDITIONS = DEBUG;
				SWIFT_OPTIMIZATION_LEVEL = "-Onone";
			};
			name = Debug;
		};
		009F02B02504D24F009E720A /* Release */ = {
			isa = XCBuildConfiguration;
			buildSettings = {
				ALWAYS_SEARCH_USER_PATHS = NO;
				CLANG_ANALYZER_NONNULL = YES;
				CLANG_ANALYZER_NUMBER_OBJECT_CONVERSION = YES_AGGRESSIVE;
				CLANG_CXX_LANGUAGE_STANDARD = "gnu++14";
				CLANG_CXX_LIBRARY = "libc++";
				CLANG_ENABLE_MODULES = YES;
				CLANG_ENABLE_OBJC_ARC = YES;
				CLANG_ENABLE_OBJC_WEAK = YES;
				CLANG_WARN_BLOCK_CAPTURE_AUTORELEASING = YES;
				CLANG_WARN_BOOL_CONVERSION = YES;
				CLANG_WARN_COMMA = YES;
				CLANG_WARN_CONSTANT_CONVERSION = YES;
				CLANG_WARN_DEPRECATED_OBJC_IMPLEMENTATIONS = YES;
				CLANG_WARN_DIRECT_OBJC_ISA_USAGE = YES_ERROR;
				CLANG_WARN_DOCUMENTATION_COMMENTS = YES;
				CLANG_WARN_EMPTY_BODY = YES;
				CLANG_WARN_ENUM_CONVERSION = YES;
				CLANG_WARN_INFINITE_RECURSION = YES;
				CLANG_WARN_INT_CONVERSION = YES;
				CLANG_WARN_NON_LITERAL_NULL_CONVERSION = YES;
				CLANG_WARN_OBJC_IMPLICIT_RETAIN_SELF = YES;
				CLANG_WARN_OBJC_LITERAL_CONVERSION = YES;
				CLANG_WARN_OBJC_ROOT_CLASS = YES_ERROR;
				CLANG_WARN_RANGE_LOOP_ANALYSIS = YES;
				CLANG_WARN_STRICT_PROTOTYPES = YES;
				CLANG_WARN_SUSPICIOUS_MOVE = YES;
				CLANG_WARN_UNGUARDED_AVAILABILITY = YES_AGGRESSIVE;
				CLANG_WARN_UNREACHABLE_CODE = YES;
				CLANG_WARN__DUPLICATE_METHOD_MATCH = YES;
				COPY_PHASE_STRIP = NO;
				DEBUG_INFORMATION_FORMAT = "dwarf-with-dsym";
				ENABLE_NS_ASSERTIONS = NO;
				ENABLE_STRICT_OBJC_MSGSEND = YES;
				GCC_C_LANGUAGE_STANDARD = gnu11;
				GCC_NO_COMMON_BLOCKS = YES;
				GCC_WARN_64_TO_32_BIT_CONVERSION = YES;
				GCC_WARN_ABOUT_RETURN_TYPE = YES_ERROR;
				GCC_WARN_UNDECLARED_SELECTOR = YES;
				GCC_WARN_UNINITIALIZED_AUTOS = YES_AGGRESSIVE;
				GCC_WARN_UNUSED_FUNCTION = YES;
				GCC_WARN_UNUSED_VARIABLE = YES;
				IPHONEOS_DEPLOYMENT_TARGET = 13.7;
				MTL_ENABLE_DEBUG_INFO = NO;
				MTL_FAST_MATH = YES;
				SDKROOT = iphoneos;
				SWIFT_COMPILATION_MODE = wholemodule;
				SWIFT_OPTIMIZATION_LEVEL = "-O";
				VALIDATE_PRODUCT = YES;
			};
			name = Release;
		};
		009F02B22504D24F009E720A /* Debug */ = {
			isa = XCBuildConfiguration;
			buildSettings = {
				ASSETCATALOG_COMPILER_APPICON_NAME = AppIcon;
				CODE_SIGN_STYLE = Automatic;
				INFOPLIST_FILE = TipCalc/Info.plist;
				LD_RUNPATH_SEARCH_PATHS = (
					"$(inherited)",
					"@executable_path/Frameworks",
				);
				PRODUCT_BUNDLE_IDENTIFIER = N.TipCalc;
				PRODUCT_NAME = "$(TARGET_NAME)";
				SWIFT_VERSION = 5.0;
				TARGETED_DEVICE_FAMILY = "1,2";
			};
			name = Debug;
		};
		009F02B32504D24F009E720A /* Release */ = {
			isa = XCBuildConfiguration;
			buildSettings = {
				ASSETCATALOG_COMPILER_APPICON_NAME = AppIcon;
				CODE_SIGN_STYLE = Automatic;
				INFOPLIST_FILE = TipCalc/Info.plist;
				LD_RUNPATH_SEARCH_PATHS = (
					"$(inherited)",
					"@executable_path/Frameworks",
				);
				PRODUCT_BUNDLE_IDENTIFIER = N.TipCalc;
				PRODUCT_NAME = "$(TARGET_NAME)";
				SWIFT_VERSION = 5.0;
				TARGETED_DEVICE_FAMILY = "1,2";
			};
			name = Release;
		};
		009F02B52504D24F009E720A /* Debug */ = {
			isa = XCBuildConfiguration;
			buildSettings = {
				ALWAYS_EMBED_SWIFT_STANDARD_LIBRARIES = YES;
				BUNDLE_LOADER = "$(TEST_HOST)";
				CODE_SIGN_STYLE = Automatic;
				INFOPLIST_FILE = TipCalcTests/Info.plist;
				IPHONEOS_DEPLOYMENT_TARGET = 13.7;
				LD_RUNPATH_SEARCH_PATHS = (
					"$(inherited)",
					"@executable_path/Frameworks",
					"@loader_path/Frameworks",
				);
				PRODUCT_BUNDLE_IDENTIFIER = N.TipCalcTests;
				PRODUCT_NAME = "$(TARGET_NAME)";
				SWIFT_VERSION = 5.0;
				TARGETED_DEVICE_FAMILY = "1,2";
				TEST_HOST = "$(BUILT_PRODUCTS_DIR)/TipCalc.app/TipCalc";
			};
			name = Debug;
		};
		009F02B62504D24F009E720A /* Release */ = {
			isa = XCBuildConfiguration;
			buildSettings = {
				ALWAYS_EMBED_SWIFT_STANDARD_LIBRARIES = YES;
				BUNDLE_LOADER = "$(TEST_HOST)";
				CODE_SIGN_STYLE = Automatic;
				INFOPLIST_FILE = TipCalcTests/Info.plist;
				IPHONEOS_DEPLOYMENT_TARGET = 13.7;
				LD_RUNPATH_SEARCH_PATHS = (
					"$(inherited)",
					"@executable_path/Frameworks",
					"@loader_path/Frameworks",
				);
				PRODUCT_BUNDLE_IDENTIFIER = N.TipCalcTests;
				PRODUCT_NAME = "$(TARGET_NAME)";
				SWIFT_VERSION = 5.0;
				TARGETED_DEVICE_FAMILY = "1,2";
				TEST_HOST = "$(BUILT_PRODUCTS_DIR)/TipCalc.app/TipCalc";
			};
			name = Release;
		};
		009F02B82504D24F009E720A /* Debug */ = {
			isa = XCBuildConfiguration;
			buildSettings = {
				ALWAYS_EMBED_SWIFT_STANDARD_LIBRARIES = YES;
				CODE_SIGN_STYLE = Automatic;
				INFOPLIST_FILE = TipCalcUITests/Info.plist;
				LD_RUNPATH_SEARCH_PATHS = (
					"$(inherited)",
					"@executable_path/Frameworks",
					"@loader_path/Frameworks",
				);
				PRODUCT_BUNDLE_IDENTIFIER = N.TipCalcUITests;
				PRODUCT_NAME = "$(TARGET_NAME)";
				SWIFT_VERSION = 5.0;
				TARGETED_DEVICE_FAMILY = "1,2";
				TEST_TARGET_NAME = TipCalc;
			};
			name = Debug;
		};
		009F02B92504D24F009E720A /* Release */ = {
			isa = XCBuildConfiguration;
			buildSettings = {
				ALWAYS_EMBED_SWIFT_STANDARD_LIBRARIES = YES;
				CODE_SIGN_STYLE = Automatic;
				INFOPLIST_FILE = TipCalcUITests/Info.plist;
				LD_RUNPATH_SEARCH_PATHS = (
					"$(inherited)",
					"@executable_path/Frameworks",
					"@loader_path/Frameworks",
				);
				PRODUCT_BUNDLE_IDENTIFIER = N.TipCalcUITests;
				PRODUCT_NAME = "$(TARGET_NAME)";
				SWIFT_VERSION = 5.0;
				TARGETED_DEVICE_FAMILY = "1,2";
				TEST_TARGET_NAME = TipCalc;
			};
			name = Release;
		};
/* End XCBuildConfiguration section */

/* Begin XCConfigurationList section */
		009F02822504D247009E720A /* Build configuration list for PBXProject "TipCalc" */ = {
			isa = XCConfigurationList;
			buildConfigurations = (
				009F02AF2504D24F009E720A /* Debug */,
				009F02B02504D24F009E720A /* Release */,
			);
			defaultConfigurationIsVisible = 0;
			defaultConfigurationName = Release;
		};
		009F02B12504D24F009E720A /* Build configuration list for PBXNativeTarget "TipCalc" */ = {
			isa = XCConfigurationList;
			buildConfigurations = (
				009F02B22504D24F009E720A /* Debug */,
				009F02B32504D24F009E720A /* Release */,
			);
			defaultConfigurationIsVisible = 0;
			defaultConfigurationName = Release;
		};
		009F02B42504D24F009E720A /* Build configuration list for PBXNativeTarget "TipCalcTests" */ = {
			isa = XCConfigurationList;
			buildConfigurations = (
				009F02B52504D24F009E720A /* Debug */,
				009F02B62504D24F009E720A /* Release */,
			);
			defaultConfigurationIsVisible = 0;
			defaultConfigurationName = Release;
		};
		009F02B72504D24F009E720A /* Build configuration list for PBXNativeTarget "TipCalcUITests" */ = {
			isa = XCConfigurationList;
			buildConfigurations = (
				009F02B82504D24F009E720A /* Debug */,
				009F02B92504D24F009E720A /* Release */,
			);
			defaultConfigurationIsVisible = 0;
			defaultConfigurationName = Release;
		};
/* End XCConfigurationList section */
	};
	rootObject = 009F027F2504D247009E720A /* Project object */;
}
